
Microsoft Visual Studio Solution File, Format Version 12.00
# Visual Studio 15
VisualStudioVersion = 15.0.26730.15
MinimumVisualStudioVersion = 10.0.40219.1
Project("{9A19103F-16F7-4668-BE54-9A1E7A4F7556}") = "WisT.DemoWeb", "WisT.DemoWeb\WisT.DemoWeb.csproj", "{2A34AF73-1CD4-42BE-AA01-B6326C923D97}"
EndProject
Project("{9A19103F-16F7-4668-BE54-9A1E7A4F7556}") = "WisT.DemoWeb.API", "WisT.DemoWeb.API\WisT.DemoWeb.API.csproj", "{3C5256B4-3BD4-4279-88B9-41AB32D06503}"
EndProject
Project("{9A19103F-16F7-4668-BE54-9A1E7A4F7556}") = "WisT.DemoWeb.Persistence.Control", "WisT.DemoWeb.Persistence\WisT.DemoWeb.Persistence.Control.csproj", "{657F6DED-146F-4054-8E1C-2CA0E9A77504}"
EndProject
Project("{2150E333-8FDC-42A3-9474-1A3956D46DE8}") = "Recognizer", "Recognizer", "{980E2F88-D962-4B31-8F44-E934B0B846A5}"
EndProject
Project("{FAE04EC0-301F-11D3-BF4B-00C04F79EFBC}") = "WisT.Recognizer.Contracts", "Recognizer\Wist.Recognizer.Contracts\WisT.Recognizer.Contracts.csproj", "{A7E46900-A6E2-4718-B1DA-41B5E52A6299}"
EndProject
Project("{FAE04EC0-301F-11D3-BF4B-00C04F79EFBC}") = "WisT.Recognizer.Identifier", "Recognizer\Wist.Recognizer\WisT.Recognizer.Identifier.csproj", "{B0490B4F-EFA7-4662-A73E-27AFC5A04E85}"
EndProject
Project("{2150E333-8FDC-42A3-9474-1A3956D46DE8}") = "Persistence", "Persistence", "{D09E4894-42F4-4698-B804-7DE90D1CBEB9}"
EndProject
Project("{FAE04EC0-301F-11D3-BF4B-00C04F79EFBC}") = "WisT.DemoWeb.Persistence.DataEntities", "WisT.DemoWeb.Persistence.Entities\WisT.DemoWeb.Persistence.DataEntities.csproj", "{473762E1-EEB9-4416-907E-F1B6C930303C}"
EndProject
Project("{FAE04EC0-301F-11D3-BF4B-00C04F79EFBC}") = "WisT.DemoWeb.FilePersistence", "WisT.DemoWeb.FilePersistence\WisT.DemoWeb.FilePersistence.csproj", "{86BE0104-72F1-4EF6-81B3-EAE45E9A61D3}"
EndProject
Global
	GlobalSection(SolutionConfigurationPlatforms) = preSolution
		Debug|Any CPU = Debug|Any CPU
		Release|Any CPU = Release|Any CPU
	EndGlobalSection
	GlobalSection(ProjectConfigurationPlatforms) = postSolution
		{2A34AF73-1CD4-42BE-AA01-B6326C923D97}.Debug|Any CPU.ActiveCfg = Debug|Any CPU
		{2A34AF73-1CD4-42BE-AA01-B6326C923D97}.Debug|Any CPU.Build.0 = Debug|Any CPU
		{2A34AF73-1CD4-42BE-AA01-B6326C923D97}.Release|Any CPU.ActiveCfg = Release|Any CPU
		{2A34AF73-1CD4-42BE-AA01-B6326C923D97}.Release|Any CPU.Build.0 = Release|Any CPU
		{3C5256B4-3BD4-4279-88B9-41AB32D06503}.Debug|Any CPU.ActiveCfg = Debug|Any CPU
		{3C5256B4-3BD4-4279-88B9-41AB32D06503}.Debug|Any CPU.Build.0 = Debug|Any CPU
		{3C5256B4-3BD4-4279-88B9-41AB32D06503}.Release|Any CPU.ActiveCfg = Release|Any CPU
		{3C5256B4-3BD4-4279-88B9-41AB32D06503}.Release|Any CPU.Build.0 = Release|Any CPU
		{657F6DED-146F-4054-8E1C-2CA0E9A77504}.Debug|Any CPU.ActiveCfg = Debug|Any CPU
		{657F6DED-146F-4054-8E1C-2CA0E9A77504}.Debug|Any CPU.Build.0 = Debug|Any CPU
		{657F6DED-146F-4054-8E1C-2CA0E9A77504}.Release|Any CPU.ActiveCfg = Release|Any CPU
		{657F6DED-146F-4054-8E1C-2CA0E9A77504}.Release|Any CPU.Build.0 = Release|Any CPU
		{A7E46900-A6E2-4718-B1DA-41B5E52A6299}.Debug|Any CPU.ActiveCfg = Debug|Any CPU
		{A7E46900-A6E2-4718-B1DA-41B5E52A6299}.Debug|Any CPU.Build.0 = Debug|Any CPU
		{A7E46900-A6E2-4718-B1DA-41B5E52A6299}.Release|Any CPU.ActiveCfg = Release|Any CPU
		{A7E46900-A6E2-4718-B1DA-41B5E52A6299}.Release|Any CPU.Build.0 = Release|Any CPU
		{B0490B4F-EFA7-4662-A73E-27AFC5A04E85}.Debug|Any CPU.ActiveCfg = Debug|Any CPU
		{B0490B4F-EFA7-4662-A73E-27AFC5A04E85}.Debug|Any CPU.Build.0 = Debug|Any CPU
		{B0490B4F-EFA7-4662-A73E-27AFC5A04E85}.Release|Any CPU.ActiveCfg = Release|Any CPU
		{B0490B4F-EFA7-4662-A73E-27AFC5A04E85}.Release|Any CPU.Build.0 = Release|Any CPU
		{473762E1-EEB9-4416-907E-F1B6C930303C}.Debug|Any CPU.ActiveCfg = Debug|Any CPU
		{473762E1-EEB9-4416-907E-F1B6C930303C}.Debug|Any CPU.Build.0 = Debug|Any CPU
		{473762E1-EEB9-4416-907E-F1B6C930303C}.Release|Any CPU.ActiveCfg = Release|Any CPU
		{473762E1-EEB9-4416-907E-F1B6C930303C}.Release|Any CPU.Build.0 = Release|Any CPU
		{86BE0104-72F1-4EF6-81B3-EAE45E9A61D3}.Debug|Any CPU.ActiveCfg = Debug|Any CPU
		{86BE0104-72F1-4EF6-81B3-EAE45E9A61D3}.Debug|Any CPU.Build.0 = Debug|Any CPU
		{86BE0104-72F1-4EF6-81B3-EAE45E9A61D3}.Release|Any CPU.ActiveCfg = Release|Any CPU
		{86BE0104-72F1-4EF6-81B3-EAE45E9A61D3}.Release|Any CPU.Build.0 = Release|Any CPU
	EndGlobalSection
	GlobalSection(SolutionProperties) = preSolution
		HideSolutionNode = FALSE
	EndGlobalSection
	GlobalSection(NestedProjects) = preSolution
		{657F6DED-146F-4054-8E1C-2CA0E9A77504} = {D09E4894-42F4-4698-B804-7DE90D1CBEB9}
		{A7E46900-A6E2-4718-B1DA-41B5E52A6299} = {980E2F88-D962-4B31-8F44-E934B0B846A5}
		{B0490B4F-EFA7-4662-A73E-27AFC5A04E85} = {980E2F88-D962-4B31-8F44-E934B0B846A5}
		{473762E1-EEB9-4416-907E-F1B6C930303C} = {D09E4894-42F4-4698-B804-7DE90D1CBEB9}
	EndGlobalSection
	GlobalSection(ExtensibilityGlobals) = postSolution
		SolutionGuid = {3CB98EE5-EFFD-4083-B0A6-E4282B9747A0}
	EndGlobalSection
EndGlobal
